
Microsoft Visual Studio Solution File, Format Version 11.00
# Visual Studio 2010
Project("{8BC9CEB8-8B4A-11D0-8D11-00A0C91BC942}") = "EzMaxPlugin", "EzMaxPlugin.vcxproj", "{B178AD7E-9DE1-4E1E-B4E1-B20A957B111A}"
EndProject
Project("{8BC9CEB8-8B4A-11D0-8D11-00A0C91BC942}") = "EzCore", "..\..\CoreLibs\EzCore\EzCore.vcxproj", "{A0057C2A-2D1D-4B47-B3F5-EFB4C4CCAF31}"
EndProject
Project("{8BC9CEB8-8B4A-11D0-8D11-00A0C91BC942}") = "EzRenderer", "..\..\CoreLibs\EzRenderer\EzRenderer.vcxproj", "{66D4E2E2-5328-475B-BE37-4F7F9D5AEB04}"
EndProject
Project("{8BC9CEB8-8B4A-11D0-8D11-00A0C91BC942}") = "EzMain3D", "..\..\CoreLibs\EzMain3D\EzMain3D.vcxproj", "{F6C28624-36F9-4456-B0A9-B7666A11E23C}"
EndProject
Project("{8BC9CEB8-8B4A-11D0-8D11-00A0C91BC942}") = "Ez3DUtility", "..\..\CoreLibs\Ez3DUtility\Ez3DUtility.vcxproj", "{35AFC1C7-113C-4B9F-A0C8-2FB039A5495A}"
EndProject
Project("{8BC9CEB8-8B4A-11D0-8D11-00A0C91BC942}") = "EzAnimation3D", "..\..\CoreLibs\EzAnimation3D\EzAnimation3D.vcxproj", "{34E5BB7D-D73D-411B-BACD-03D973A38177}"
EndProject
Project("{8BC9CEB8-8B4A-11D0-8D11-00A0C91BC942}") = "EzApplication", "..\..\CoreLibs\EzApplication\EzApplication.vcxproj", "{9132F3F9-4EC9-4196-B177-00647EDEECC0}"
EndProject
Project("{8BC9CEB8-8B4A-11D0-8D11-00A0C91BC942}") = "Application3D", "..\..\sample\LibTest\Application3D\Application3D.vcxproj", "{CBB3E38E-4712-4C44-89E1-EB4C0A78EF01}"
EndProject
Global
	GlobalSection(SolutionConfigurationPlatforms) = preSolution
		DEBUG_MAX2009|Win32 = DEBUG_MAX2009|Win32
		DEBUG_MAX8|Win32 = DEBUG_MAX8|Win32
		Debug|Win32 = Debug|Win32
		Release|Win32 = Release|Win32
	EndGlobalSection
	GlobalSection(ProjectConfigurationPlatforms) = postSolution
		{B178AD7E-9DE1-4E1E-B4E1-B20A957B111A}.DEBUG_MAX2009|Win32.ActiveCfg = DEBUG_MAX2009|Win32
		{B178AD7E-9DE1-4E1E-B4E1-B20A957B111A}.DEBUG_MAX2009|Win32.Build.0 = DEBUG_MAX2009|Win32
		{B178AD7E-9DE1-4E1E-B4E1-B20A957B111A}.DEBUG_MAX8|Win32.ActiveCfg = DEBUG_MAX8|Win32
		{B178AD7E-9DE1-4E1E-B4E1-B20A957B111A}.DEBUG_MAX8|Win32.Build.0 = DEBUG_MAX8|Win32
		{B178AD7E-9DE1-4E1E-B4E1-B20A957B111A}.Debug|Win32.ActiveCfg = DEBUG_MAX8|Win32
		{B178AD7E-9DE1-4E1E-B4E1-B20A957B111A}.Debug|Win32.Build.0 = DEBUG_MAX8|Win32
		{B178AD7E-9DE1-4E1E-B4E1-B20A957B111A}.Release|Win32.ActiveCfg = Release|Win32
		{B178AD7E-9DE1-4E1E-B4E1-B20A957B111A}.Release|Win32.Build.0 = Release|Win32
		{A0057C2A-2D1D-4B47-B3F5-EFB4C4CCAF31}.DEBUG_MAX2009|Win32.ActiveCfg = Debug|Win32
		{A0057C2A-2D1D-4B47-B3F5-EFB4C4CCAF31}.DEBUG_MAX2009|Win32.Build.0 = Debug|Win32
		{A0057C2A-2D1D-4B47-B3F5-EFB4C4CCAF31}.DEBUG_MAX8|Win32.ActiveCfg = Debug|Win32
		{A0057C2A-2D1D-4B47-B3F5-EFB4C4CCAF31}.DEBUG_MAX8|Win32.Build.0 = Debug|Win32
		{A0057C2A-2D1D-4B47-B3F5-EFB4C4CCAF31}.Debug|Win32.ActiveCfg = Debug|Win32
		{A0057C2A-2D1D-4B47-B3F5-EFB4C4CCAF31}.Debug|Win32.Build.0 = Debug|Win32
		{A0057C2A-2D1D-4B47-B3F5-EFB4C4CCAF31}.Release|Win32.ActiveCfg = Release|Win32
		{A0057C2A-2D1D-4B47-B3F5-EFB4C4CCAF31}.Release|Win32.Build.0 = Release|Win32
		{66D4E2E2-5328-475B-BE37-4F7F9D5AEB04}.DEBUG_MAX2009|Win32.ActiveCfg = Debug|Win32
		{66D4E2E2-5328-475B-BE37-4F7F9D5AEB04}.DEBUG_MAX2009|Win32.Build.0 = Debug|Win32
		{66D4E2E2-5328-475B-BE37-4F7F9D5AEB04}.DEBUG_MAX8|Win32.ActiveCfg = Debug|Win32
		{66D4E2E2-5328-475B-BE37-4F7F9D5AEB04}.DEBUG_MAX8|Win32.Build.0 = Debug|Win32
		{66D4E2E2-5328-475B-BE37-4F7F9D5AEB04}.Debug|Win32.ActiveCfg = Debug|Win32
		{66D4E2E2-5328-475B-BE37-4F7F9D5AEB04}.Debug|Win32.Build.0 = Debug|Win32
		{66D4E2E2-5328-475B-BE37-4F7F9D5AEB04}.Release|Win32.ActiveCfg = Release|Win32
		{66D4E2E2-5328-475B-BE37-4F7F9D5AEB04}.Release|Win32.Build.0 = Release|Win32
		{F6C28624-36F9-4456-B0A9-B7666A11E23C}.DEBUG_MAX2009|Win32.ActiveCfg = Debug|Win32
		{F6C28624-36F9-4456-B0A9-B7666A11E23C}.DEBUG_MAX2009|Win32.Build.0 = Debug|Win32
		{F6C28624-36F9-4456-B0A9-B7666A11E23C}.DEBUG_MAX8|Win32.ActiveCfg = Debug|Win32
		{F6C28624-36F9-4456-B0A9-B7666A11E23C}.DEBUG_MAX8|Win32.Build.0 = Debug|Win32
		{F6C28624-36F9-4456-B0A9-B7666A11E23C}.Debug|Win32.ActiveCfg = Debug|Win32
		{F6C28624-36F9-4456-B0A9-B7666A11E23C}.Debug|Win32.Build.0 = Debug|Win32
		{F6C28624-36F9-4456-B0A9-B7666A11E23C}.Release|Win32.ActiveCfg = Release|Win32
		{F6C28624-36F9-4456-B0A9-B7666A11E23C}.Release|Win32.Build.0 = Release|Win32
		{35AFC1C7-113C-4B9F-A0C8-2FB039A5495A}.DEBUG_MAX2009|Win32.ActiveCfg = Debug|Win32
		{35AFC1C7-113C-4B9F-A0C8-2FB039A5495A}.DEBUG_MAX2009|Win32.Build.0 = Debug|Win32
		{35AFC1C7-113C-4B9F-A0C8-2FB039A5495A}.DEBUG_MAX8|Win32.ActiveCfg = Debug|Win32
		{35AFC1C7-113C-4B9F-A0C8-2FB039A5495A}.DEBUG_MAX8|Win32.Build.0 = Debug|Win32
		{35AFC1C7-113C-4B9F-A0C8-2FB039A5495A}.Debug|Win32.ActiveCfg = Debug|Win32
		{35AFC1C7-113C-4B9F-A0C8-2FB039A5495A}.Debug|Win32.Build.0 = Debug|Win32
		{35AFC1C7-113C-4B9F-A0C8-2FB039A5495A}.Release|Win32.ActiveCfg = Release|Win32
		{35AFC1C7-113C-4B9F-A0C8-2FB039A5495A}.Release|Win32.Build.0 = Release|Win32
		{34E5BB7D-D73D-411B-BACD-03D973A38177}.DEBUG_MAX2009|Win32.ActiveCfg = Debug|Win32
		{34E5BB7D-D73D-411B-BACD-03D973A38177}.DEBUG_MAX2009|Win32.Build.0 = Debug|Win32
		{34E5BB7D-D73D-411B-BACD-03D973A38177}.DEBUG_MAX8|Win32.ActiveCfg = Debug|Win32
		{34E5BB7D-D73D-411B-BACD-03D973A38177}.DEBUG_MAX8|Win32.Build.0 = Debug|Win32
		{34E5BB7D-D73D-411B-BACD-03D973A38177}.Debug|Win32.ActiveCfg = Debug|Win32
		{34E5BB7D-D73D-411B-BACD-03D973A38177}.Debug|Win32.Build.0 = Debug|Win32
		{34E5BB7D-D73D-411B-BACD-03D973A38177}.Release|Win32.ActiveCfg = Release|Win32
		{34E5BB7D-D73D-411B-BACD-03D973A38177}.Release|Win32.Build.0 = Release|Win32
		{9132F3F9-4EC9-4196-B177-00647EDEECC0}.DEBUG_MAX2009|Win32.ActiveCfg = Debug|Win32
		{9132F3F9-4EC9-4196-B177-00647EDEECC0}.DEBUG_MAX2009|Win32.Build.0 = Debug|Win32
		{9132F3F9-4EC9-4196-B177-00647EDEECC0}.DEBUG_MAX8|Win32.ActiveCfg = Debug|Win32
		{9132F3F9-4EC9-4196-B177-00647EDEECC0}.DEBUG_MAX8|Win32.Build.0 = Debug|Win32
		{9132F3F9-4EC9-4196-B177-00647EDEECC0}.Debug|Win32.ActiveCfg = Debug|Win32
		{9132F3F9-4EC9-4196-B177-00647EDEECC0}.Debug|Win32.Build.0 = Debug|Win32
		{9132F3F9-4EC9-4196-B177-00647EDEECC0}.Release|Win32.ActiveCfg = Release|Win32
		{9132F3F9-4EC9-4196-B177-00647EDEECC0}.Release|Win32.Build.0 = Release|Win32
		{CBB3E38E-4712-4C44-89E1-EB4C0A78EF01}.DEBUG_MAX2009|Win32.ActiveCfg = Debug|Win32
		{CBB3E38E-4712-4C44-89E1-EB4C0A78EF01}.DEBUG_MAX2009|Win32.Build.0 = Debug|Win32
		{CBB3E38E-4712-4C44-89E1-EB4C0A78EF01}.DEBUG_MAX8|Win32.ActiveCfg = Debug|Win32
		{CBB3E38E-4712-4C44-89E1-EB4C0A78EF01}.DEBUG_MAX8|Win32.Build.0 = Debug|Win32
		{CBB3E38E-4712-4C44-89E1-EB4C0A78EF01}.Debug|Win32.ActiveCfg = Debug|Win32
		{CBB3E38E-4712-4C44-89E1-EB4C0A78EF01}.Debug|Win32.Build.0 = Debug|Win32
		{CBB3E38E-4712-4C44-89E1-EB4C0A78EF01}.Release|Win32.ActiveCfg = Release|Win32
		{CBB3E38E-4712-4C44-89E1-EB4C0A78EF01}.Release|Win32.Build.0 = Release|Win32
	EndGlobalSection
	GlobalSection(SolutionProperties) = preSolution
		HideSolutionNode = FALSE
	EndGlobalSection
EndGlobal
